
Microsoft Visual Studio Solution File, Format Version 12.00
# Visual Studio Version 17
VisualStudioVersion = 17.9.34607.119
MinimumVisualStudioVersion = 10.0.40219.1
Project("{9A19103F-16F7-4668-BE54-9A1E7A4F7556}") = "NTierAcrh.WebAPI", "NTierAcrh.WebAPI\NTierAcrh.WebAPI.csproj", "{6E38BB11-6162-4D78-B63C-190971554892}"
EndProject
Project("{FAE04EC0-301F-11D3-BF4B-00C04F79EFBC}") = "NTierAcrh.Entities", "NTierAcrh.Entities\NTierAcrh.Entities.csproj", "{FBBBA5EC-E549-4C12-A93D-725BA5537474}"
EndProject
Project("{FAE04EC0-301F-11D3-BF4B-00C04F79EFBC}") = "NTierAcrh.DataAccess", "NTierAcrh.DataAccess\NTierAcrh.DataAccess.csproj", "{DDFF582D-4952-429F-AF28-E6ACB824B461}"
EndProject
Project("{FAE04EC0-301F-11D3-BF4B-00C04F79EFBC}") = "NTierAcrh.Business", "NTierAcrh.Business\NTierAcrh.Business.csproj", "{53F9D1B9-9DD7-4E3C-B707-DDE0A52983A2}"
EndProject
Global
	GlobalSection(SolutionConfigurationPlatforms) = preSolution
		Debug|Any CPU = Debug|Any CPU
		Release|Any CPU = Release|Any CPU
	EndGlobalSection
	GlobalSection(ProjectConfigurationPlatforms) = postSolution
		{6E38BB11-6162-4D78-B63C-190971554892}.Debug|Any CPU.ActiveCfg = Debug|Any CPU
		{6E38BB11-6162-4D78-B63C-190971554892}.Debug|Any CPU.Build.0 = Debug|Any CPU
		{6E38BB11-6162-4D78-B63C-190971554892}.Release|Any CPU.ActiveCfg = Release|Any CPU
		{6E38BB11-6162-4D78-B63C-190971554892}.Release|Any CPU.Build.0 = Release|Any CPU
		{FBBBA5EC-E549-4C12-A93D-725BA5537474}.Debug|Any CPU.ActiveCfg = Debug|Any CPU
		{FBBBA5EC-E549-4C12-A93D-725BA5537474}.Debug|Any CPU.Build.0 = Debug|Any CPU
		{FBBBA5EC-E549-4C12-A93D-725BA5537474}.Release|Any CPU.ActiveCfg = Release|Any CPU
		{FBBBA5EC-E549-4C12-A93D-725BA5537474}.Release|Any CPU.Build.0 = Release|Any CPU
		{DDFF582D-4952-429F-AF28-E6ACB824B461}.Debug|Any CPU.ActiveCfg = Debug|Any CPU
		{DDFF582D-4952-429F-AF28-E6ACB824B461}.Debug|Any CPU.Build.0 = Debug|Any CPU
		{DDFF582D-4952-429F-AF28-E6ACB824B461}.Release|Any CPU.ActiveCfg = Release|Any CPU
		{DDFF582D-4952-429F-AF28-E6ACB824B461}.Release|Any CPU.Build.0 = Release|Any CPU
		{53F9D1B9-9DD7-4E3C-B707-DDE0A52983A2}.Debug|Any CPU.ActiveCfg = Debug|Any CPU
		{53F9D1B9-9DD7-4E3C-B707-DDE0A52983A2}.Debug|Any CPU.Build.0 = Debug|Any CPU
		{53F9D1B9-9DD7-4E3C-B707-DDE0A52983A2}.Release|Any CPU.ActiveCfg = Release|Any CPU
		{53F9D1B9-9DD7-4E3C-B707-DDE0A52983A2}.Release|Any CPU.Build.0 = Release|Any CPU
	EndGlobalSection
	GlobalSection(SolutionProperties) = preSolution
		HideSolutionNode = FALSE
	EndGlobalSection
	GlobalSection(ExtensibilityGlobals) = postSolution
		SolutionGuid = {455EDD84-2FB7-4C4C-A2BE-831328FA1AC6}
	EndGlobalSection
EndGlobal
